
Microsoft Visual Studio Solution File, Format Version 12.00
# Visual Studio 15
VisualStudioVersion = 15.0.27703.2026
MinimumVisualStudioVersion = 10.0.40219.1
Project("{FAE04EC0-301F-11D3-BF4B-00C04F79EFBC}") = "SmartDataGenerator.Tests", "SmartDataGenerator.Tests\SmartDataGenerator.Tests.csproj", "{192ADDB1-EEE6-48C6-89AC-3774B42AA905}"
EndProject
Project("{FAE04EC0-301F-11D3-BF4B-00C04F79EFBC}") = "SmartDataGenerator", "SmartDataGenerator\SmartDataGenerator.csproj", "{00937A65-55AA-443E-B8EC-EBB24D3BCDA3}"
EndProject
Global
	GlobalSection(SolutionConfigurationPlatforms) = preSolution
		Debug|Any CPU = Debug|Any CPU
		Release|Any CPU = Release|Any CPU
	EndGlobalSection
	GlobalSection(ProjectConfigurationPlatforms) = postSolution
		{192ADDB1-EEE6-48C6-89AC-3774B42AA905}.Debug|Any CPU.ActiveCfg = Debug|Any CPU
		{192ADDB1-EEE6-48C6-89AC-3774B42AA905}.Debug|Any CPU.Build.0 = Debug|Any CPU
		{192ADDB1-EEE6-48C6-89AC-3774B42AA905}.Release|Any CPU.ActiveCfg = Release|Any CPU
		{192ADDB1-EEE6-48C6-89AC-3774B42AA905}.Release|Any CPU.Build.0 = Release|Any CPU
		{00937A65-55AA-443E-B8EC-EBB24D3BCDA3}.Debug|Any CPU.ActiveCfg = Debug|Any CPU
		{00937A65-55AA-443E-B8EC-EBB24D3BCDA3}.Debug|Any CPU.Build.0 = Debug|Any CPU
		{00937A65-55AA-443E-B8EC-EBB24D3BCDA3}.Release|Any CPU.ActiveCfg = Release|Any CPU
		{00937A65-55AA-443E-B8EC-EBB24D3BCDA3}.Release|Any CPU.Build.0 = Release|Any CPU
	EndGlobalSection
	GlobalSection(SolutionProperties) = preSolution
		HideSolutionNode = FALSE
	EndGlobalSection
	GlobalSection(ExtensibilityGlobals) = postSolution
		SolutionGuid = {52D6C9F5-C252-4C63-A337-45145133E7A8}
	EndGlobalSection
EndGlobal
